
Microsoft Visual Studio Solution File, Format Version 12.00
# Visual Studio Version 17
VisualStudioVersion = 17.1.32421.90
MinimumVisualStudioVersion = 10.0.40219.1
Project("{9A19103F-16F7-4668-BE54-9A1E7A4F7556}") = "Shapes", "Shapes\Shapes.csproj", "{D37D2793-982E-41A8-98CE-F391F9F5675A}"
EndProject
Project("{9A19103F-16F7-4668-BE54-9A1E7A4F7556}") = "Shapes.Services", "Shapes.Services\Shapes.Services.csproj", "{0DA9B308-F39A-404C-A0E9-A7AD6EE2BFDA}"
EndProject
Project("{FAE04EC0-301F-11D3-BF4B-00C04F79EFBC}") = "Shapes.Test", "Shapes.Test\Shapes.Test.csproj", "{8126BFB5-7FFC-49B0-BF83-20CCB926938F}"
EndProject
Global
	GlobalSection(SolutionConfigurationPlatforms) = preSolution
		Debug|Any CPU = Debug|Any CPU
		Release|Any CPU = Release|Any CPU
	EndGlobalSection
	GlobalSection(ProjectConfigurationPlatforms) = postSolution
		{D37D2793-982E-41A8-98CE-F391F9F5675A}.Debug|Any CPU.ActiveCfg = Debug|Any CPU
		{D37D2793-982E-41A8-98CE-F391F9F5675A}.Debug|Any CPU.Build.0 = Debug|Any CPU
		{D37D2793-982E-41A8-98CE-F391F9F5675A}.Release|Any CPU.ActiveCfg = Release|Any CPU
		{D37D2793-982E-41A8-98CE-F391F9F5675A}.Release|Any CPU.Build.0 = Release|Any CPU
		{0DA9B308-F39A-404C-A0E9-A7AD6EE2BFDA}.Debug|Any CPU.ActiveCfg = Debug|Any CPU
		{0DA9B308-F39A-404C-A0E9-A7AD6EE2BFDA}.Debug|Any CPU.Build.0 = Debug|Any CPU
		{0DA9B308-F39A-404C-A0E9-A7AD6EE2BFDA}.Release|Any CPU.ActiveCfg = Release|Any CPU
		{0DA9B308-F39A-404C-A0E9-A7AD6EE2BFDA}.Release|Any CPU.Build.0 = Release|Any CPU
		{8126BFB5-7FFC-49B0-BF83-20CCB926938F}.Debug|Any CPU.ActiveCfg = Debug|Any CPU
		{8126BFB5-7FFC-49B0-BF83-20CCB926938F}.Debug|Any CPU.Build.0 = Debug|Any CPU
		{8126BFB5-7FFC-49B0-BF83-20CCB926938F}.Release|Any CPU.ActiveCfg = Release|Any CPU
		{8126BFB5-7FFC-49B0-BF83-20CCB926938F}.Release|Any CPU.Build.0 = Release|Any CPU
	EndGlobalSection
	GlobalSection(SolutionProperties) = preSolution
		HideSolutionNode = FALSE
	EndGlobalSection
	GlobalSection(ExtensibilityGlobals) = postSolution
		SolutionGuid = {FE9CC5E7-2CBD-45BD-83C4-00F9CA55C0B7}
	EndGlobalSection
EndGlobal
